
Microsoft Visual Studio Solution File, Format Version 12.00
# Visual Studio 2012
Project("{FAE04EC0-301F-11D3-BF4B-00C04F79EFBC}") = "ShoppingCart", "ShoppingCart\ShoppingCart.csproj", "{29BEBC64-67AD-496A-A7D3-ABF1E17965B9}"
EndProject
Project("{FAE04EC0-301F-11D3-BF4B-00C04F79EFBC}") = "ShoppingCartTests", "ShoppingCartTests\ShoppingCartTests.csproj", "{6A4056DB-34A8-47F8-ABCF-C962ACBB5E54}"
EndProject
Global
	GlobalSection(SolutionConfigurationPlatforms) = preSolution
		Debug|Any CPU = Debug|Any CPU
		Release|Any CPU = Release|Any CPU
	EndGlobalSection
	GlobalSection(ProjectConfigurationPlatforms) = postSolution
		{29BEBC64-67AD-496A-A7D3-ABF1E17965B9}.Debug|Any CPU.ActiveCfg = Debug|Any CPU
		{29BEBC64-67AD-496A-A7D3-ABF1E17965B9}.Debug|Any CPU.Build.0 = Debug|Any CPU
		{29BEBC64-67AD-496A-A7D3-ABF1E17965B9}.Release|Any CPU.ActiveCfg = Release|Any CPU
		{29BEBC64-67AD-496A-A7D3-ABF1E17965B9}.Release|Any CPU.Build.0 = Release|Any CPU
		{6A4056DB-34A8-47F8-ABCF-C962ACBB5E54}.Debug|Any CPU.ActiveCfg = Debug|Any CPU
		{6A4056DB-34A8-47F8-ABCF-C962ACBB5E54}.Debug|Any CPU.Build.0 = Debug|Any CPU
		{6A4056DB-34A8-47F8-ABCF-C962ACBB5E54}.Release|Any CPU.ActiveCfg = Release|Any CPU
		{6A4056DB-34A8-47F8-ABCF-C962ACBB5E54}.Release|Any CPU.Build.0 = Release|Any CPU
	EndGlobalSection
	GlobalSection(SolutionProperties) = preSolution
		HideSolutionNode = FALSE
	EndGlobalSection
EndGlobal
